
Microsoft Visual Studio Solution File, Format Version 12.00
# Visual Studio Version 16
VisualStudioVersion = 16.0.30225.117
MinimumVisualStudioVersion = 10.0.40219.1
Project("{9A19103F-16F7-4668-BE54-9A1E7A4F7556}") = "Blueprint.CleanArchitectureAndCQRSDesignPattern.UnitTestings", "Blueprint.CleanArchitectureAndCQRSDesignPattern.UnitTestings.csproj", "{137B4E03-F066-41F6-B026-28A8C984F282}"
EndProject
Project("{9A19103F-16F7-4668-BE54-9A1E7A4F7556}") = "Blueprint.CleanArchitectureAndCQRSDesignPattern", "..\Blueprint.CleanArchitectureAndCQRSDesignPattern\Blueprint.CleanArchitectureAndCQRSDesignPattern.csproj", "{96866FDE-16A9-45FB-B797-A93F5B56DF91}"
EndProject
Global
	GlobalSection(SolutionConfigurationPlatforms) = preSolution
		Debug|Any CPU = Debug|Any CPU
		Release|Any CPU = Release|Any CPU
	EndGlobalSection
	GlobalSection(ProjectConfigurationPlatforms) = postSolution
		{137B4E03-F066-41F6-B026-28A8C984F282}.Debug|Any CPU.ActiveCfg = Debug|Any CPU
		{137B4E03-F066-41F6-B026-28A8C984F282}.Debug|Any CPU.Build.0 = Debug|Any CPU
		{137B4E03-F066-41F6-B026-28A8C984F282}.Release|Any CPU.ActiveCfg = Release|Any CPU
		{137B4E03-F066-41F6-B026-28A8C984F282}.Release|Any CPU.Build.0 = Release|Any CPU
		{96866FDE-16A9-45FB-B797-A93F5B56DF91}.Debug|Any CPU.ActiveCfg = Debug|Any CPU
		{96866FDE-16A9-45FB-B797-A93F5B56DF91}.Debug|Any CPU.Build.0 = Debug|Any CPU
		{96866FDE-16A9-45FB-B797-A93F5B56DF91}.Release|Any CPU.ActiveCfg = Release|Any CPU
		{96866FDE-16A9-45FB-B797-A93F5B56DF91}.Release|Any CPU.Build.0 = Release|Any CPU
	EndGlobalSection
	GlobalSection(SolutionProperties) = preSolution
		HideSolutionNode = FALSE
	EndGlobalSection
	GlobalSection(ExtensibilityGlobals) = postSolution
		SolutionGuid = {A1D8BAA2-53F3-4E58-8C2E-9003490F7990}
	EndGlobalSection
EndGlobal
